
Microsoft Visual Studio Solution File, Format Version 12.00
# Visual Studio 14
VisualStudioVersion = 14.0.23107.0
MinimumVisualStudioVersion = 10.0.40219.1
Project("{FAE04EC0-301F-11D3-BF4B-00C04F79EFBC}") = "CreateDeviceIdentity", "CreateDeviceIdentity\CreateDeviceIdentity.csproj", "{F273A256-FF82-425D-8CDC-75FCDB17B3EF}"
EndProject
Project("{FAE04EC0-301F-11D3-BF4B-00C04F79EFBC}") = "ReadDeviceToCloudMessages", "ConsReadDeviceToCloudMessages\ReadDeviceToCloudMessages.csproj", "{6AB73223-F290-48A9-BA08-C8815928B894}"
EndProject
Project("{FAE04EC0-301F-11D3-BF4B-00C04F79EFBC}") = "SimulatedDevice", "SimulatedDevice\SimulatedDevice.csproj", "{A1BF4EFB-9073-4671-9A46-D956CBA41EAF}"
EndProject
Project("{FAE04EC0-301F-11D3-BF4B-00C04F79EFBC}") = "SendCloudToDevice", "SendCloudToDevice\SendCloudToDevice.csproj", "{F4CF98CE-2955-4ACA-96FD-BC053634024F}"
EndProject
Global
	GlobalSection(SolutionConfigurationPlatforms) = preSolution
		Debug|Any CPU = Debug|Any CPU
		Release|Any CPU = Release|Any CPU
	EndGlobalSection
	GlobalSection(ProjectConfigurationPlatforms) = postSolution
		{F273A256-FF82-425D-8CDC-75FCDB17B3EF}.Debug|Any CPU.ActiveCfg = Debug|Any CPU
		{F273A256-FF82-425D-8CDC-75FCDB17B3EF}.Debug|Any CPU.Build.0 = Debug|Any CPU
		{F273A256-FF82-425D-8CDC-75FCDB17B3EF}.Release|Any CPU.ActiveCfg = Release|Any CPU
		{F273A256-FF82-425D-8CDC-75FCDB17B3EF}.Release|Any CPU.Build.0 = Release|Any CPU
		{6AB73223-F290-48A9-BA08-C8815928B894}.Debug|Any CPU.ActiveCfg = Debug|Any CPU
		{6AB73223-F290-48A9-BA08-C8815928B894}.Debug|Any CPU.Build.0 = Debug|Any CPU
		{6AB73223-F290-48A9-BA08-C8815928B894}.Release|Any CPU.ActiveCfg = Release|Any CPU
		{6AB73223-F290-48A9-BA08-C8815928B894}.Release|Any CPU.Build.0 = Release|Any CPU
		{A1BF4EFB-9073-4671-9A46-D956CBA41EAF}.Debug|Any CPU.ActiveCfg = Debug|Any CPU
		{A1BF4EFB-9073-4671-9A46-D956CBA41EAF}.Debug|Any CPU.Build.0 = Debug|Any CPU
		{A1BF4EFB-9073-4671-9A46-D956CBA41EAF}.Release|Any CPU.ActiveCfg = Release|Any CPU
		{A1BF4EFB-9073-4671-9A46-D956CBA41EAF}.Release|Any CPU.Build.0 = Release|Any CPU
		{F4CF98CE-2955-4ACA-96FD-BC053634024F}.Debug|Any CPU.ActiveCfg = Debug|Any CPU
		{F4CF98CE-2955-4ACA-96FD-BC053634024F}.Debug|Any CPU.Build.0 = Debug|Any CPU
		{F4CF98CE-2955-4ACA-96FD-BC053634024F}.Release|Any CPU.ActiveCfg = Release|Any CPU
		{F4CF98CE-2955-4ACA-96FD-BC053634024F}.Release|Any CPU.Build.0 = Release|Any CPU
	EndGlobalSection
	GlobalSection(SolutionProperties) = preSolution
		HideSolutionNode = FALSE
	EndGlobalSection
EndGlobal
